// !$*UTF8*$!
{
	archiveVersion = 1;
	classes = {
	};
	objectVersion = 52;
	objects = {

/* Begin PBXBuildFile section */
		7E1EB754262815C300910DE9 /* GradientViewModel.swift in Sources */ = {isa = PBXBuildFile; fileRef = 7E1EB753262815C300910DE9 /* GradientViewModel.swift */; };
		7E1EB7632628164700910DE9 /* ImagesPage.swift in Sources */ = {isa = PBXBuildFile; fileRef = 7E1EB7602628164700910DE9 /* ImagesPage.swift */; };
		7E1EB7642628164700910DE9 /* ImagesModel.swift in Sources */ = {isa = PBXBuildFile; fileRef = 7E1EB7612628164700910DE9 /* ImagesModel.swift */; };
		7E1EB7652628164700910DE9 /* ImagesViewModel.swift in Sources */ = {isa = PBXBuildFile; fileRef = 7E1EB7622628164700910DE9 /* ImagesViewModel.swift */; };
		7E1EB76D2628208A00910DE9 /* Grid in Frameworks */ = {isa = PBXBuildFile; productRef = 7E1EB76C2628208A00910DE9 /* Grid */; };
		7E1EB78F2628313000910DE9 /* URLImage in Frameworks */ = {isa = PBXBuildFile; productRef = 7E1EB78E2628313000910DE9 /* URLImage */; };
		7E1EB792262831D200910DE9 /* MRWebImage.swift in Sources */ = {isa = PBXBuildFile; fileRef = 7E1EB791262831D200910DE9 /* MRWebImage.swift */; };
		7E1EB7972628355400910DE9 /* SideBarController.swift in Sources */ = {isa = PBXBuildFile; fileRef = 7E1EB7942628355400910DE9 /* SideBarController.swift */; };
		7E1EB7982628355400910DE9 /* SideBarModel.swift in Sources */ = {isa = PBXBuildFile; fileRef = 7E1EB7952628355400910DE9 /* SideBarModel.swift */; };
		7E1EB7992628355400910DE9 /* SideBarViewModel.swift in Sources */ = {isa = PBXBuildFile; fileRef = 7E1EB7962628355400910DE9 /* SideBarViewModel.swift */; };
		7E204DAB2644DD9100A23563 /* FigmaCellLabel.swift in Sources */ = {isa = PBXBuildFile; fileRef = 7E204DAA2644DD9100A23563 /* FigmaCellLabel.swift */; };
		7E204DAE2644E1FA00A23563 /* HoverModifier.swift in Sources */ = {isa = PBXBuildFile; fileRef = 7E204DAD2644E1FA00A23563 /* HoverModifier.swift */; };
		7E204DB12644FD1E00A23563 /* NetworkCachedDataFetcher.swift in Sources */ = {isa = PBXBuildFile; fileRef = 7E204DB02644FD1E00A23563 /* NetworkCachedDataFetcher.swift */; };
		7E204DB52644FDAC00A23563 /* Cache in Frameworks */ = {isa = PBXBuildFile; productRef = 7E204DB42644FDAC00A23563 /* Cache */; };
		7E204DB82644FDF300A23563 /* CacheHelper.swift in Sources */ = {isa = PBXBuildFile; fileRef = 7E204DB72644FDF300A23563 /* CacheHelper.swift */; };
		7E204DBE2645064D00A23563 /* SideBarItems.swift in Sources */ = {isa = PBXBuildFile; fileRef = 7E204DBD2645064D00A23563 /* SideBarItems.swift */; };
		7E204DC9264507EB00A23563 /* MRButton.swift in Sources */ = {isa = PBXBuildFile; fileRef = 7E204DC8264507EB00A23563 /* MRButton.swift */; };
		7E2343B82619E1CA00875A11 /* SDWebImageSwiftUI in Frameworks */ = {isa = PBXBuildFile; productRef = 7E2343B72619E1CA00875A11 /* SDWebImageSwiftUI */; };
		7E25612726293BFC006C17C1 /* ComponentsViewModel.swift in Sources */ = {isa = PBXBuildFile; fileRef = 7E25612626293BFC006C17C1 /* ComponentsViewModel.swift */; };
		7E28D08F261060C0003EAB0F /* DirectoryHelper.swift in Sources */ = {isa = PBXBuildFile; fileRef = 7E28D08E261060C0003EAB0F /* DirectoryHelper.swift */; };
		7E28D092261071F1003EAB0F /* Extension+JSON.swift in Sources */ = {isa = PBXBuildFile; fileRef = 7E28D091261071F1003EAB0F /* Extension+JSON.swift */; };
		7E28D0992610A4A2003EAB0F /* Tooltip.swift in Sources */ = {isa = PBXBuildFile; fileRef = 7E28D0982610A4A2003EAB0F /* Tooltip.swift */; };
		7E28D0A426117B35003EAB0F /* AppSettings.swift in Sources */ = {isa = PBXBuildFile; fileRef = 7E28D0A326117B35003EAB0F /* AppSettings.swift */; };
		7E28D0B82611A5AF003EAB0F /* Notifications.swift in Sources */ = {isa = PBXBuildFile; fileRef = 7E28D0B72611A5AF003EAB0F /* Notifications.swift */; };
		7E28D0C626130DBC003EAB0F /* SettingsController.swift in Sources */ = {isa = PBXBuildFile; fileRef = 7E28D0C326130DBC003EAB0F /* SettingsController.swift */; };
		7E28D0C726130DBC003EAB0F /* SettingsModel.swift in Sources */ = {isa = PBXBuildFile; fileRef = 7E28D0C426130DBC003EAB0F /* SettingsModel.swift */; };
		7E28D0C826130DBC003EAB0F /* SettingsViewModel.swift in Sources */ = {isa = PBXBuildFile; fileRef = 7E28D0C526130DBC003EAB0F /* SettingsViewModel.swift */; };
		7E28D0CD261310D3003EAB0F /* Extension+Color.swift in Sources */ = {isa = PBXBuildFile; fileRef = 7E28D0CC261310D3003EAB0F /* Extension+Color.swift */; };
		7E2B82D226009DDF00C8CD74 /* Figma_ColorsApp.swift in Sources */ = {isa = PBXBuildFile; fileRef = 7E2B82D126009DDF00C8CD74 /* Figma_ColorsApp.swift */; };
		7E2B82D926009DE000C8CD74 /* Preview Assets.xcassets in Resources */ = {isa = PBXBuildFile; fileRef = 7E2B82D826009DE000C8CD74 /* Preview Assets.xcassets */; };
		7E2B82ED2600C0BF00C8CD74 /* CodeController.swift in Sources */ = {isa = PBXBuildFile; fileRef = 7E2B82EA2600C0BF00C8CD74 /* CodeController.swift */; };
		7E2B82EE2600C0BF00C8CD74 /* CodeModel.swift in Sources */ = {isa = PBXBuildFile; fileRef = 7E2B82EB2600C0BF00C8CD74 /* CodeModel.swift */; };
		7E2B82EF2600C0BF00C8CD74 /* CodeViewModel.swift in Sources */ = {isa = PBXBuildFile; fileRef = 7E2B82EC2600C0BF00C8CD74 /* CodeViewModel.swift */; };
		7E4C6E8B2636A658001CA544 /* MRCheckBox.swift in Sources */ = {isa = PBXBuildFile; fileRef = 7E4C6E8A2636A658001CA544 /* MRCheckBox.swift */; };
		7E658991263D23D8008CAAC9 /* SideBarComponentButton.swift in Sources */ = {isa = PBXBuildFile; fileRef = 7E658990263D23D8008CAAC9 /* SideBarComponentButton.swift */; };
		7E658994263D23E1008CAAC9 /* SideBarColorButton.swift in Sources */ = {isa = PBXBuildFile; fileRef = 7E658993263D23E1008CAAC9 /* SideBarColorButton.swift */; };
		7E6589A1263FA745008CAAC9 /* SideBarGradientButton copy.swift in Sources */ = {isa = PBXBuildFile; fileRef = 7E6589A0263FA745008CAAC9 /* SideBarGradientButton copy.swift */; };
		7E6F90C82643B8FF004FD4AC /* HighlightedTextEditor in Frameworks */ = {isa = PBXBuildFile; productRef = 7E6F90C72643B8FF004FD4AC /* HighlightedTextEditor */; };
		7E9B22CD261EA68D00850A01 /* Assets.xcassets in Resources */ = {isa = PBXBuildFile; fileRef = 7E9B22CC261EA68D00850A01 /* Assets.xcassets */; };
		7E9B22E7261EC6E100850A01 /* FigmaColorCellItem.swift in Sources */ = {isa = PBXBuildFile; fileRef = 7E9B22E6261EC6E100850A01 /* FigmaColorCellItem.swift */; };
		7E9B22EA261EC70D00850A01 /* FigmaImageCellItem.swift in Sources */ = {isa = PBXBuildFile; fileRef = 7E9B22E9261EC70D00850A01 /* FigmaImageCellItem.swift */; };
		7E9B22ED261EC72B00850A01 /* FigmaColorCell.swift in Sources */ = {isa = PBXBuildFile; fileRef = 7E9B22EC261EC72B00850A01 /* FigmaColorCell.swift */; };
		7E9B22F0261EC75000850A01 /* FigmaGradientCell.swift in Sources */ = {isa = PBXBuildFile; fileRef = 7E9B22EF261EC75000850A01 /* FigmaGradientCell.swift */; };
		7E9B2305261ECBC400850A01 /* JetBrainsMono-Thin.ttf in Resources */ = {isa = PBXBuildFile; fileRef = 7E9B22F5261ECBC400850A01 /* JetBrainsMono-Thin.ttf */; };
		7E9B2306261ECBC400850A01 /* JetBrainsMono-Bold.ttf in Resources */ = {isa = PBXBuildFile; fileRef = 7E9B22F6261ECBC400850A01 /* JetBrainsMono-Bold.ttf */; };
		7E9B2307261ECBC400850A01 /* JetBrainsMono-Italic.ttf in Resources */ = {isa = PBXBuildFile; fileRef = 7E9B22F7261ECBC400850A01 /* JetBrainsMono-Italic.ttf */; };
		7E9B2308261ECBC400850A01 /* JetBrainsMono-LightItalic.ttf in Resources */ = {isa = PBXBuildFile; fileRef = 7E9B22F8261ECBC400850A01 /* JetBrainsMono-LightItalic.ttf */; };
		7E9B2309261ECBC400850A01 /* JetBrainsMono-Regular.ttf in Resources */ = {isa = PBXBuildFile; fileRef = 7E9B22F9261ECBC400850A01 /* JetBrainsMono-Regular.ttf */; };
		7E9B230A261ECBC400850A01 /* JetBrainsMono-ExtraLightItalic.ttf in Resources */ = {isa = PBXBuildFile; fileRef = 7E9B22FA261ECBC400850A01 /* JetBrainsMono-ExtraLightItalic.ttf */; };
		7E9B230B261ECBC400850A01 /* JetBrainsMono-SemiBoldItalic.ttf in Resources */ = {isa = PBXBuildFile; fileRef = 7E9B22FB261ECBC400850A01 /* JetBrainsMono-SemiBoldItalic.ttf */; };
		7E9B230C261ECBC400850A01 /* JetBrainsMono-Light.ttf in Resources */ = {isa = PBXBuildFile; fileRef = 7E9B22FC261ECBC400850A01 /* JetBrainsMono-Light.ttf */; };
		7E9B230D261ECBC400850A01 /* JetBrainsMono-MediumItalic.ttf in Resources */ = {isa = PBXBuildFile; fileRef = 7E9B22FD261ECBC400850A01 /* JetBrainsMono-MediumItalic.ttf */; };
		7E9B230E261ECBC400850A01 /* JetBrainsMono-ExtraBold.ttf in Resources */ = {isa = PBXBuildFile; fileRef = 7E9B22FE261ECBC400850A01 /* JetBrainsMono-ExtraBold.ttf */; };
		7E9B230F261ECBC400850A01 /* JetBrainsMono-SemiBold.ttf in Resources */ = {isa = PBXBuildFile; fileRef = 7E9B22FF261ECBC400850A01 /* JetBrainsMono-SemiBold.ttf */; };
		7E9B2310261ECBC400850A01 /* JetBrainsMono-ExtraBoldItalic.ttf in Resources */ = {isa = PBXBuildFile; fileRef = 7E9B2300261ECBC400850A01 /* JetBrainsMono-ExtraBoldItalic.ttf */; };
		7E9B2311261ECBC400850A01 /* JetBrainsMono-ThinItalic.ttf in Resources */ = {isa = PBXBuildFile; fileRef = 7E9B2301261ECBC400850A01 /* JetBrainsMono-ThinItalic.ttf */; };
		7E9B2312261ECBC400850A01 /* JetBrainsMono-ExtraLight.ttf in Resources */ = {isa = PBXBuildFile; fileRef = 7E9B2302261ECBC400850A01 /* JetBrainsMono-ExtraLight.ttf */; };
		7E9B2313261ECBC400850A01 /* JetBrainsMono-Medium.ttf in Resources */ = {isa = PBXBuildFile; fileRef = 7E9B2303261ECBC400850A01 /* JetBrainsMono-Medium.ttf */; };
		7E9B2314261ECBC400850A01 /* JetBrainsMono-BoldItalic.ttf in Resources */ = {isa = PBXBuildFile; fileRef = 7E9B2304261ECBC400850A01 /* JetBrainsMono-BoldItalic.ttf */; };
		7E9B2317261ECC2500850A01 /* Extension+Font.swift in Sources */ = {isa = PBXBuildFile; fileRef = 7E9B2316261ECC2500850A01 /* Extension+Font.swift */; };
		7EB3B922261F0569003DE911 /* ColorsPage.swift in Sources */ = {isa = PBXBuildFile; fileRef = 7EB3B921261F0569003DE911 /* ColorsPage.swift */; };
		7EB3B925261F0602003DE911 /* PageHeaderView.swift in Sources */ = {isa = PBXBuildFile; fileRef = 7EB3B924261F0602003DE911 /* PageHeaderView.swift */; };
		7EB3B928261F06E1003DE911 /* GradientsPage.swift in Sources */ = {isa = PBXBuildFile; fileRef = 7EB3B927261F06E1003DE911 /* GradientsPage.swift */; };
		7EB3B92B261F07B9003DE911 /* ComponentsPage.swift in Sources */ = {isa = PBXBuildFile; fileRef = 7EB3B92A261F07B9003DE911 /* ComponentsPage.swift */; };
		7EB3B92E261F0A11003DE911 /* MockPage.swift in Sources */ = {isa = PBXBuildFile; fileRef = 7EB3B92D261F0A11003DE911 /* MockPage.swift */; };
		7EB3B93F26201BCE003DE911 /* InfoPage.swift in Sources */ = {isa = PBXBuildFile; fileRef = 7EB3B93E26201BCE003DE911 /* InfoPage.swift */; };
		7EB3B9542621751C003DE911 /* FigmaGradientCellItem.swift in Sources */ = {isa = PBXBuildFile; fileRef = 7EB3B9532621751C003DE911 /* FigmaGradientCellItem.swift */; };
		7EB5DBA3260365BA00CAF4D7 /* NetworkWebSocket.swift in Sources */ = {isa = PBXBuildFile; fileRef = 7EB5DB9D260365BA00CAF4D7 /* NetworkWebSocket.swift */; };
		7EB5DBA4260365BA00CAF4D7 /* DataPosterService.swift in Sources */ = {isa = PBXBuildFile; fileRef = 7EB5DB9E260365BA00CAF4D7 /* DataPosterService.swift */; };
		7EB5DBA5260365BA00CAF4D7 /* NetworkService.swift in Sources */ = {isa = PBXBuildFile; fileRef = 7EB5DB9F260365BA00CAF4D7 /* NetworkService.swift */; };
		7EB5DBA6260365BA00CAF4D7 /* DataFetcherService.swift in Sources */ = {isa = PBXBuildFile; fileRef = 7EB5DBA0260365BA00CAF4D7 /* DataFetcherService.swift */; };
		7EB5DBA7260365BA00CAF4D7 /* NetworkDataPoster.swift in Sources */ = {isa = PBXBuildFile; fileRef = 7EB5DBA1260365BA00CAF4D7 /* NetworkDataPoster.swift */; };
		7EB5DBA8260365BA00CAF4D7 /* NetworkDataFetcher.swift in Sources */ = {isa = PBXBuildFile; fileRef = 7EB5DBA2260365BA00CAF4D7 /* NetworkDataFetcher.swift */; };
		7EBD53222616E9C500D69B9B /* Button.swift in Sources */ = {isa = PBXBuildFile; fileRef = 7EBD53212616E9C500D69B9B /* Button.swift */; };
		7EBD53252616E9DE00D69B9B /* Textfield.swift in Sources */ = {isa = PBXBuildFile; fileRef = 7EBD53242616E9DE00D69B9B /* Textfield.swift */; };
		7EBD532C26173ACD00D69B9B /* Extension+Collection.swift in Sources */ = {isa = PBXBuildFile; fileRef = 7EBD532B26173ACD00D69B9B /* Extension+Collection.swift */; };
		7EE22E66260DD7ED002E8EDF /* Extension + View.swift in Sources */ = {isa = PBXBuildFile; fileRef = 7EE22E51260DD7ED002E8EDF /* Extension + View.swift */; };
/* End PBXBuildFile section */

/* Begin PBXFileReference section */
		7E1EB753262815C300910DE9 /* GradientViewModel.swift */ = {isa = PBXFileReference; lastKnownFileType = sourcecode.swift; path = GradientViewModel.swift; sourceTree = "<group>"; };
		7E1EB7602628164700910DE9 /* ImagesPage.swift */ = {isa = PBXFileReference; lastKnownFileType = sourcecode.swift; path = ImagesPage.swift; sourceTree = "<group>"; };
		7E1EB7612628164700910DE9 /* ImagesModel.swift */ = {isa = PBXFileReference; lastKnownFileType = sourcecode.swift; path = ImagesModel.swift; sourceTree = "<group>"; };
		7E1EB7622628164700910DE9 /* ImagesViewModel.swift */ = {isa = PBXFileReference; lastKnownFileType = sourcecode.swift; path = ImagesViewModel.swift; sourceTree = "<group>"; };
		7E1EB791262831D200910DE9 /* MRWebImage.swift */ = {isa = PBXFileReference; lastKnownFileType = sourcecode.swift; path = MRWebImage.swift; sourceTree = "<group>"; };
		7E1EB7942628355400910DE9 /* SideBarController.swift */ = {isa = PBXFileReference; lastKnownFileType = sourcecode.swift; path = SideBarController.swift; sourceTree = "<group>"; };
		7E1EB7952628355400910DE9 /* SideBarModel.swift */ = {isa = PBXFileReference; lastKnownFileType = sourcecode.swift; path = SideBarModel.swift; sourceTree = "<group>"; };
		7E1EB7962628355400910DE9 /* SideBarViewModel.swift */ = {isa = PBXFileReference; lastKnownFileType = sourcecode.swift; path = SideBarViewModel.swift; sourceTree = "<group>"; };
		7E204DAA2644DD9100A23563 /* FigmaCellLabel.swift */ = {isa = PBXFileReference; lastKnownFileType = sourcecode.swift; path = FigmaCellLabel.swift; sourceTree = "<group>"; };
		7E204DAD2644E1FA00A23563 /* HoverModifier.swift */ = {isa = PBXFileReference; lastKnownFileType = sourcecode.swift; path = HoverModifier.swift; sourceTree = "<group>"; };
		7E204DB02644FD1E00A23563 /* NetworkCachedDataFetcher.swift */ = {isa = PBXFileReference; fileEncoding = 4; lastKnownFileType = sourcecode.swift; path = NetworkCachedDataFetcher.swift; sourceTree = "<group>"; };
		7E204DB72644FDF300A23563 /* CacheHelper.swift */ = {isa = PBXFileReference; fileEncoding = 4; lastKnownFileType = sourcecode.swift; path = CacheHelper.swift; sourceTree = "<group>"; };
		7E204DBD2645064D00A23563 /* SideBarItems.swift */ = {isa = PBXFileReference; lastKnownFileType = sourcecode.swift; path = SideBarItems.swift; sourceTree = "<group>"; };
		7E204DC8264507EB00A23563 /* MRButton.swift */ = {isa = PBXFileReference; lastKnownFileType = sourcecode.swift; path = MRButton.swift; sourceTree = "<group>"; };
		7E25612626293BFC006C17C1 /* ComponentsViewModel.swift */ = {isa = PBXFileReference; lastKnownFileType = sourcecode.swift; path = ComponentsViewModel.swift; sourceTree = "<group>"; };
		7E28D08E261060C0003EAB0F /* DirectoryHelper.swift */ = {isa = PBXFileReference; lastKnownFileType = sourcecode.swift; path = DirectoryHelper.swift; sourceTree = "<group>"; };
		7E28D091261071F1003EAB0F /* Extension+JSON.swift */ = {isa = PBXFileReference; fileEncoding = 4; lastKnownFileType = sourcecode.swift; path = "Extension+JSON.swift"; sourceTree = "<group>"; };
		7E28D0982610A4A2003EAB0F /* Tooltip.swift */ = {isa = PBXFileReference; lastKnownFileType = sourcecode.swift; path = Tooltip.swift; sourceTree = "<group>"; };
		7E28D0A326117B35003EAB0F /* AppSettings.swift */ = {isa = PBXFileReference; lastKnownFileType = sourcecode.swift; path = AppSettings.swift; sourceTree = "<group>"; };
		7E28D0B72611A5AF003EAB0F /* Notifications.swift */ = {isa = PBXFileReference; fileEncoding = 4; lastKnownFileType = sourcecode.swift; path = Notifications.swift; sourceTree = "<group>"; };
		7E28D0C326130DBC003EAB0F /* SettingsController.swift */ = {isa = PBXFileReference; lastKnownFileType = sourcecode.swift; path = SettingsController.swift; sourceTree = "<group>"; };
		7E28D0C426130DBC003EAB0F /* SettingsModel.swift */ = {isa = PBXFileReference; lastKnownFileType = sourcecode.swift; path = SettingsModel.swift; sourceTree = "<group>"; };
		7E28D0C526130DBC003EAB0F /* SettingsViewModel.swift */ = {isa = PBXFileReference; lastKnownFileType = sourcecode.swift; path = SettingsViewModel.swift; sourceTree = "<group>"; };
		7E28D0CC261310D3003EAB0F /* Extension+Color.swift */ = {isa = PBXFileReference; lastKnownFileType = sourcecode.swift; path = "Extension+Color.swift"; sourceTree = "<group>"; };
		7E2B82CE26009DDF00C8CD74 /* Figma Colors.app */ = {isa = PBXFileReference; explicitFileType = wrapper.application; includeInIndex = 0; path = "Figma Colors.app"; sourceTree = BUILT_PRODUCTS_DIR; };
		7E2B82D126009DDF00C8CD74 /* Figma_ColorsApp.swift */ = {isa = PBXFileReference; lastKnownFileType = sourcecode.swift; path = Figma_ColorsApp.swift; sourceTree = "<group>"; };
		7E2B82D826009DE000C8CD74 /* Preview Assets.xcassets */ = {isa = PBXFileReference; lastKnownFileType = folder.assetcatalog; path = "Preview Assets.xcassets"; sourceTree = "<group>"; };
		7E2B82DA26009DE000C8CD74 /* Info.plist */ = {isa = PBXFileReference; lastKnownFileType = text.plist.xml; path = Info.plist; sourceTree = "<group>"; };
		7E2B82DB26009DE000C8CD74 /* Figma_Colors.entitlements */ = {isa = PBXFileReference; lastKnownFileType = text.plist.entitlements; path = Figma_Colors.entitlements; sourceTree = "<group>"; };
		7E2B82EA2600C0BF00C8CD74 /* CodeController.swift */ = {isa = PBXFileReference; lastKnownFileType = sourcecode.swift; path = CodeController.swift; sourceTree = "<group>"; };
		7E2B82EB2600C0BF00C8CD74 /* CodeModel.swift */ = {isa = PBXFileReference; lastKnownFileType = sourcecode.swift; path = CodeModel.swift; sourceTree = "<group>"; };
		7E2B82EC2600C0BF00C8CD74 /* CodeViewModel.swift */ = {isa = PBXFileReference; lastKnownFileType = sourcecode.swift; path = CodeViewModel.swift; sourceTree = "<group>"; };
		7E4C6E8A2636A658001CA544 /* MRCheckBox.swift */ = {isa = PBXFileReference; lastKnownFileType = sourcecode.swift; path = MRCheckBox.swift; sourceTree = "<group>"; };
		7E658990263D23D8008CAAC9 /* SideBarComponentButton.swift */ = {isa = PBXFileReference; lastKnownFileType = sourcecode.swift; path = SideBarComponentButton.swift; sourceTree = "<group>"; };
		7E658993263D23E1008CAAC9 /* SideBarColorButton.swift */ = {isa = PBXFileReference; lastKnownFileType = sourcecode.swift; path = SideBarColorButton.swift; sourceTree = "<group>"; };
		7E6589A0263FA745008CAAC9 /* SideBarGradientButton copy.swift */ = {isa = PBXFileReference; lastKnownFileType = sourcecode.swift; path = "SideBarGradientButton copy.swift"; sourceTree = "<group>"; };
		7E9B22CC261EA68D00850A01 /* Assets.xcassets */ = {isa = PBXFileReference; lastKnownFileType = folder.assetcatalog; path = Assets.xcassets; sourceTree = "<group>"; };
		7E9B22E6261EC6E100850A01 /* FigmaColorCellItem.swift */ = {isa = PBXFileReference; lastKnownFileType = sourcecode.swift; path = FigmaColorCellItem.swift; sourceTree = "<group>"; };
		7E9B22E9261EC70D00850A01 /* FigmaImageCellItem.swift */ = {isa = PBXFileReference; lastKnownFileType = sourcecode.swift; path = FigmaImageCellItem.swift; sourceTree = "<group>"; };
		7E9B22EC261EC72B00850A01 /* FigmaColorCell.swift */ = {isa = PBXFileReference; lastKnownFileType = sourcecode.swift; path = FigmaColorCell.swift; sourceTree = "<group>"; };
		7E9B22EF261EC75000850A01 /* FigmaGradientCell.swift */ = {isa = PBXFileReference; lastKnownFileType = sourcecode.swift; path = FigmaGradientCell.swift; sourceTree = "<group>"; };
		7E9B22F5261ECBC400850A01 /* JetBrainsMono-Thin.ttf */ = {isa = PBXFileReference; lastKnownFileType = file; path = "JetBrainsMono-Thin.ttf"; sourceTree = "<group>"; };
		7E9B22F6261ECBC400850A01 /* JetBrainsMono-Bold.ttf */ = {isa = PBXFileReference; lastKnownFileType = file; path = "JetBrainsMono-Bold.ttf"; sourceTree = "<group>"; };
		7E9B22F7261ECBC400850A01 /* JetBrainsMono-Italic.ttf */ = {isa = PBXFileReference; lastKnownFileType = file; path = "JetBrainsMono-Italic.ttf"; sourceTree = "<group>"; };
		7E9B22F8261ECBC400850A01 /* JetBrainsMono-LightItalic.ttf */ = {isa = PBXFileReference; lastKnownFileType = file; path = "JetBrainsMono-LightItalic.ttf"; sourceTree = "<group>"; };
		7E9B22F9261ECBC400850A01 /* JetBrainsMono-Regular.ttf */ = {isa = PBXFileReference; lastKnownFileType = file; path = "JetBrainsMono-Regular.ttf"; sourceTree = "<group>"; };
		7E9B22FA261ECBC400850A01 /* JetBrainsMono-ExtraLightItalic.ttf */ = {isa = PBXFileReference; lastKnownFileType = file; path = "JetBrainsMono-ExtraLightItalic.ttf"; sourceTree = "<group>"; };
		7E9B22FB261ECBC400850A01 /* JetBrainsMono-SemiBoldItalic.ttf */ = {isa = PBXFileReference; lastKnownFileType = file; path = "JetBrainsMono-SemiBoldItalic.ttf"; sourceTree = "<group>"; };
		7E9B22FC261ECBC400850A01 /* JetBrainsMono-Light.ttf */ = {isa = PBXFileReference; lastKnownFileType = file; path = "JetBrainsMono-Light.ttf"; sourceTree = "<group>"; };
		7E9B22FD261ECBC400850A01 /* JetBrainsMono-MediumItalic.ttf */ = {isa = PBXFileReference; lastKnownFileType = file; path = "JetBrainsMono-MediumItalic.ttf"; sourceTree = "<group>"; };
		7E9B22FE261ECBC400850A01 /* JetBrainsMono-ExtraBold.ttf */ = {isa = PBXFileReference; lastKnownFileType = file; path = "JetBrainsMono-ExtraBold.ttf"; sourceTree = "<group>"; };
		7E9B22FF261ECBC400850A01 /* JetBrainsMono-SemiBold.ttf */ = {isa = PBXFileReference; lastKnownFileType = file; path = "JetBrainsMono-SemiBold.ttf"; sourceTree = "<group>"; };
		7E9B2300261ECBC400850A01 /* JetBrainsMono-ExtraBoldItalic.ttf */ = {isa = PBXFileReference; lastKnownFileType = file; path = "JetBrainsMono-ExtraBoldItalic.ttf"; sourceTree = "<group>"; };
		7E9B2301261ECBC400850A01 /* JetBrainsMono-ThinItalic.ttf */ = {isa = PBXFileReference; lastKnownFileType = file; path = "JetBrainsMono-ThinItalic.ttf"; sourceTree = "<group>"; };
		7E9B2302261ECBC400850A01 /* JetBrainsMono-ExtraLight.ttf */ = {isa = PBXFileReference; lastKnownFileType = file; path = "JetBrainsMono-ExtraLight.ttf"; sourceTree = "<group>"; };
		7E9B2303261ECBC400850A01 /* JetBrainsMono-Medium.ttf */ = {isa = PBXFileReference; lastKnownFileType = file; path = "JetBrainsMono-Medium.ttf"; sourceTree = "<group>"; };
		7E9B2304261ECBC400850A01 /* JetBrainsMono-BoldItalic.ttf */ = {isa = PBXFileReference; lastKnownFileType = file; path = "JetBrainsMono-BoldItalic.ttf"; sourceTree = "<group>"; };
		7E9B2316261ECC2500850A01 /* Extension+Font.swift */ = {isa = PBXFileReference; lastKnownFileType = sourcecode.swift; path = "Extension+Font.swift"; sourceTree = "<group>"; };
		7EB3B921261F0569003DE911 /* ColorsPage.swift */ = {isa = PBXFileReference; lastKnownFileType = sourcecode.swift; path = ColorsPage.swift; sourceTree = "<group>"; };
		7EB3B924261F0602003DE911 /* PageHeaderView.swift */ = {isa = PBXFileReference; lastKnownFileType = sourcecode.swift; path = PageHeaderView.swift; sourceTree = "<group>"; };
		7EB3B927261F06E1003DE911 /* GradientsPage.swift */ = {isa = PBXFileReference; lastKnownFileType = sourcecode.swift; path = GradientsPage.swift; sourceTree = "<group>"; };
		7EB3B92A261F07B9003DE911 /* ComponentsPage.swift */ = {isa = PBXFileReference; lastKnownFileType = sourcecode.swift; path = ComponentsPage.swift; sourceTree = "<group>"; };
		7EB3B92D261F0A11003DE911 /* MockPage.swift */ = {isa = PBXFileReference; lastKnownFileType = sourcecode.swift; path = MockPage.swift; sourceTree = "<group>"; };
		7EB3B93E26201BCE003DE911 /* InfoPage.swift */ = {isa = PBXFileReference; lastKnownFileType = sourcecode.swift; path = InfoPage.swift; sourceTree = "<group>"; };
		7EB3B9532621751C003DE911 /* FigmaGradientCellItem.swift */ = {isa = PBXFileReference; lastKnownFileType = sourcecode.swift; path = FigmaGradientCellItem.swift; sourceTree = "<group>"; };
		7EB5DB9D260365BA00CAF4D7 /* NetworkWebSocket.swift */ = {isa = PBXFileReference; fileEncoding = 4; lastKnownFileType = sourcecode.swift; path = NetworkWebSocket.swift; sourceTree = "<group>"; };
		7EB5DB9E260365BA00CAF4D7 /* DataPosterService.swift */ = {isa = PBXFileReference; fileEncoding = 4; lastKnownFileType = sourcecode.swift; path = DataPosterService.swift; sourceTree = "<group>"; };
		7EB5DB9F260365BA00CAF4D7 /* NetworkService.swift */ = {isa = PBXFileReference; fileEncoding = 4; lastKnownFileType = sourcecode.swift; path = NetworkService.swift; sourceTree = "<group>"; };
		7EB5DBA0260365BA00CAF4D7 /* DataFetcherService.swift */ = {isa = PBXFileReference; fileEncoding = 4; lastKnownFileType = sourcecode.swift; path = DataFetcherService.swift; sourceTree = "<group>"; };
		7EB5DBA1260365BA00CAF4D7 /* NetworkDataPoster.swift */ = {isa = PBXFileReference; fileEncoding = 4; lastKnownFileType = sourcecode.swift; path = NetworkDataPoster.swift; sourceTree = "<group>"; };
		7EB5DBA2260365BA00CAF4D7 /* NetworkDataFetcher.swift */ = {isa = PBXFileReference; fileEncoding = 4; lastKnownFileType = sourcecode.swift; path = NetworkDataFetcher.swift; sourceTree = "<group>"; };
		7EBD53212616E9C500D69B9B /* Button.swift */ = {isa = PBXFileReference; lastKnownFileType = sourcecode.swift; path = Button.swift; sourceTree = "<group>"; };
		7EBD53242616E9DE00D69B9B /* Textfield.swift */ = {isa = PBXFileReference; lastKnownFileType = sourcecode.swift; path = Textfield.swift; sourceTree = "<group>"; };
		7EBD532B26173ACD00D69B9B /* Extension+Collection.swift */ = {isa = PBXFileReference; fileEncoding = 4; lastKnownFileType = sourcecode.swift; path = "Extension+Collection.swift"; sourceTree = "<group>"; };
		7EE22E51260DD7ED002E8EDF /* Extension + View.swift */ = {isa = PBXFileReference; fileEncoding = 4; lastKnownFileType = sourcecode.swift; path = "Extension + View.swift"; sourceTree = "<group>"; };
/* End PBXFileReference section */

/* Begin PBXFrameworksBuildPhase section */
		7E2B82CB26009DDF00C8CD74 /* Frameworks */ = {
			isa = PBXFrameworksBuildPhase;
			buildActionMask = 2147483647;
			files = (
				7E1EB76D2628208A00910DE9 /* Grid in Frameworks */,
				7E1EB78F2628313000910DE9 /* URLImage in Frameworks */,
				7E6F90C82643B8FF004FD4AC /* HighlightedTextEditor in Frameworks */,
				7E2343B82619E1CA00875A11 /* SDWebImageSwiftUI in Frameworks */,
				7E204DB52644FDAC00A23563 /* Cache in Frameworks */,
			);
			runOnlyForDeploymentPostprocessing = 0;
		};
/* End PBXFrameworksBuildPhase section */

/* Begin PBXGroup section */
		7E1EB752262815A700910DE9 /* GradientPage */ = {
			isa = PBXGroup;
			children = (
				7EB3B927261F06E1003DE911 /* GradientsPage.swift */,
				7E1EB753262815C300910DE9 /* GradientViewModel.swift */,
			);
			path = GradientPage;
			sourceTree = "<group>";
		};
		7E1EB7682628165100910DE9 /* ImagePage */ = {
			isa = PBXGroup;
			children = (
				7E1EB7602628164700910DE9 /* ImagesPage.swift */,
				7E1EB7612628164700910DE9 /* ImagesModel.swift */,
				7E1EB7622628164700910DE9 /* ImagesViewModel.swift */,
			);
			path = ImagePage;
			sourceTree = "<group>";
		};
		7E1EB79B2628355900910DE9 /* SideBar */ = {
			isa = PBXGroup;
			children = (
				7E1EB7942628355400910DE9 /* SideBarController.swift */,
				7E204DBD2645064D00A23563 /* SideBarItems.swift */,
				7E1EB7952628355400910DE9 /* SideBarModel.swift */,
				7E1EB7962628355400910DE9 /* SideBarViewModel.swift */,
				7E658998263D2400008CAAC9 /* Buttons */,
			);
			path = SideBar;
			sourceTree = "<group>";
		};
		7E1EB79E2628506900910DE9 /* ColorsPage */ = {
			isa = PBXGroup;
			children = (
				7EB3B921261F0569003DE911 /* ColorsPage.swift */,
			);
			path = ColorsPage;
			sourceTree = "<group>";
		};
		7E1EB7A02628509400910DE9 /* ComponentsPage */ = {
			isa = PBXGroup;
			children = (
				7EB3B92A261F07B9003DE911 /* ComponentsPage.swift */,
				7E25612626293BFC006C17C1 /* ComponentsViewModel.swift */,
			);
			path = ComponentsPage;
			sourceTree = "<group>";
		};
		7E204DC3264506CF00A23563 /* MockPage */ = {
			isa = PBXGroup;
			children = (
				7EB3B92D261F0A11003DE911 /* MockPage.swift */,
			);
			path = MockPage;
			sourceTree = "<group>";
		};
		7E204DCB26450B3600A23563 /* Models */ = {
			isa = PBXGroup;
			children = (
			);
			path = Models;
			sourceTree = "<group>";
		};
		7E28D09B2610A4A7003EAB0F /* Views */ = {
			isa = PBXGroup;
			children = (
				7E204DAA2644DD9100A23563 /* FigmaCellLabel.swift */,
			);
			path = Views;
			sourceTree = "<group>";
		};
		7E28D0CA26130DC1003EAB0F /* Settings */ = {
			isa = PBXGroup;
			children = (
				7E28D0C326130DBC003EAB0F /* SettingsController.swift */,
				7E28D0C426130DBC003EAB0F /* SettingsModel.swift */,
				7E28D0C526130DBC003EAB0F /* SettingsViewModel.swift */,
			);
			path = Settings;
			sourceTree = "<group>";
		};
		7E2B82C526009DDF00C8CD74 = {
			isa = PBXGroup;
			children = (
				7E2B82D026009DDF00C8CD74 /* Figma Colors */,
				7E2B82CF26009DDF00C8CD74 /* Products */,
			);
			sourceTree = "<group>";
		};
		7E2B82CF26009DDF00C8CD74 /* Products */ = {
			isa = PBXGroup;
			children = (
				7E2B82CE26009DDF00C8CD74 /* Figma Colors.app */,
			);
			name = Products;
			sourceTree = "<group>";
		};
		7E2B82D026009DDF00C8CD74 /* Figma Colors */ = {
			isa = PBXGroup;
			children = (
				7E9B22CF261EB95500850A01 /* Support */,
				7E2B82DB26009DE000C8CD74 /* Figma_Colors.entitlements */,
				7E2B82DA26009DE000C8CD74 /* Info.plist */,
				7E2B82D126009DDF00C8CD74 /* Figma_ColorsApp.swift */,
				7E9B22D3261EB9B800850A01 /* Helpers */,
				7E1EB79B2628355900910DE9 /* SideBar */,
				7E28D0CA26130DC1003EAB0F /* Settings */,
				7EB3B930261FFA64003DE911 /* Pages */,
				7E2B82F12600C0C400C8CD74 /* Code */,
				7E204DCB26450B3600A23563 /* Models */,
				7E9B22D1261EB99600850A01 /* Views */,
				7EB5DB9C260365BA00CAF4D7 /* Network */,
				7E9B22D2261EB9A400850A01 /* Extension */,
				7E2B82D726009DE000C8CD74 /* Preview Content */,
			);
			path = "Figma Colors";
			sourceTree = "<group>";
		};
		7E2B82D726009DE000C8CD74 /* Preview Content */ = {
			isa = PBXGroup;
			children = (
				7E2B82D826009DE000C8CD74 /* Preview Assets.xcassets */,
			);
			path = "Preview Content";
			sourceTree = "<group>";
		};
		7E2B82F12600C0C400C8CD74 /* Code */ = {
			isa = PBXGroup;
			children = (
				7E2B82EA2600C0BF00C8CD74 /* CodeController.swift */,
				7E2B82EB2600C0BF00C8CD74 /* CodeModel.swift */,
				7E2B82EC2600C0BF00C8CD74 /* CodeViewModel.swift */,
			);
			path = Code;
			sourceTree = "<group>";
		};
		7E658998263D2400008CAAC9 /* Buttons */ = {
			isa = PBXGroup;
			children = (
				7E658993263D23E1008CAAC9 /* SideBarColorButton.swift */,
				7E6589A0263FA745008CAAC9 /* SideBarGradientButton copy.swift */,
				7E658990263D23D8008CAAC9 /* SideBarComponentButton.swift */,
			);
			path = Buttons;
			sourceTree = "<group>";
		};
		7E9B22CF261EB95500850A01 /* Support */ = {
			isa = PBXGroup;
			children = (
				7E9B22F4261ECBC400850A01 /* fonts */,
				7E9B22CC261EA68D00850A01 /* Assets.xcassets */,
			);
			path = Support;
			sourceTree = "<group>";
		};
		7E9B22D1261EB99600850A01 /* Views */ = {
			isa = PBXGroup;
			children = (
				7E4C6E8A2636A658001CA544 /* MRCheckBox.swift */,
				7E28D0982610A4A2003EAB0F /* Tooltip.swift */,
				7EB3B924261F0602003DE911 /* PageHeaderView.swift */,
				7EBD53212616E9C500D69B9B /* Button.swift */,
				7E204DC8264507EB00A23563 /* MRButton.swift */,
				7E1EB791262831D200910DE9 /* MRWebImage.swift */,
				7EBD53242616E9DE00D69B9B /* Textfield.swift */,
			);
			path = Views;
			sourceTree = "<group>";
		};
		7E9B22D2261EB9A400850A01 /* Extension */ = {
			isa = PBXGroup;
			children = (
				7EBD532B26173ACD00D69B9B /* Extension+Collection.swift */,
				7EE22E51260DD7ED002E8EDF /* Extension + View.swift */,
				7E28D091261071F1003EAB0F /* Extension+JSON.swift */,
				7E9B2316261ECC2500850A01 /* Extension+Font.swift */,
				7E28D0CC261310D3003EAB0F /* Extension+Color.swift */,
			);
			path = Extension;
			sourceTree = "<group>";
		};
		7E9B22D3261EB9B800850A01 /* Helpers */ = {
			isa = PBXGroup;
			children = (
				7E28D0A326117B35003EAB0F /* AppSettings.swift */,
				7E28D0B72611A5AF003EAB0F /* Notifications.swift */,
				7E204DAD2644E1FA00A23563 /* HoverModifier.swift */,
				7E204DB72644FDF300A23563 /* CacheHelper.swift */,
				7E28D08E261060C0003EAB0F /* DirectoryHelper.swift */,
			);
			path = Helpers;
			sourceTree = "<group>";
		};
		7E9B22F2261EC76800850A01 /* Cells */ = {
			isa = PBXGroup;
			children = (
				7E9B22EF261EC75000850A01 /* FigmaGradientCell.swift */,
				7EB3B9532621751C003DE911 /* FigmaGradientCellItem.swift */,
				7E9B22EC261EC72B00850A01 /* FigmaColorCell.swift */,
				7E9B22E6261EC6E100850A01 /* FigmaColorCellItem.swift */,
				7E9B22E9261EC70D00850A01 /* FigmaImageCellItem.swift */,
			);
			path = Cells;
			sourceTree = "<group>";
		};
		7E9B22F4261ECBC400850A01 /* fonts */ = {
			isa = PBXGroup;
			children = (
				7E9B22F5261ECBC400850A01 /* JetBrainsMono-Thin.ttf */,
				7E9B22F6261ECBC400850A01 /* JetBrainsMono-Bold.ttf */,
				7E9B22F7261ECBC400850A01 /* JetBrainsMono-Italic.ttf */,
				7E9B22F8261ECBC400850A01 /* JetBrainsMono-LightItalic.ttf */,
				7E9B22F9261ECBC400850A01 /* JetBrainsMono-Regular.ttf */,
				7E9B22FA261ECBC400850A01 /* JetBrainsMono-ExtraLightItalic.ttf */,
				7E9B22FB261ECBC400850A01 /* JetBrainsMono-SemiBoldItalic.ttf */,
				7E9B22FC261ECBC400850A01 /* JetBrainsMono-Light.ttf */,
				7E9B22FD261ECBC400850A01 /* JetBrainsMono-MediumItalic.ttf */,
				7E9B22FE261ECBC400850A01 /* JetBrainsMono-ExtraBold.ttf */,
				7E9B22FF261ECBC400850A01 /* JetBrainsMono-SemiBold.ttf */,
				7E9B2300261ECBC400850A01 /* JetBrainsMono-ExtraBoldItalic.ttf */,
				7E9B2301261ECBC400850A01 /* JetBrainsMono-ThinItalic.ttf */,
				7E9B2302261ECBC400850A01 /* JetBrainsMono-ExtraLight.ttf */,
				7E9B2303261ECBC400850A01 /* JetBrainsMono-Medium.ttf */,
				7E9B2304261ECBC400850A01 /* JetBrainsMono-BoldItalic.ttf */,
			);
			path = fonts;
			sourceTree = "<group>";
		};
		7EB3B930261FFA64003DE911 /* Pages */ = {
			isa = PBXGroup;
			children = (
				7EB3B93E26201BCE003DE911 /* InfoPage.swift */,
				7E1EB79E2628506900910DE9 /* ColorsPage */,
				7E1EB752262815A700910DE9 /* GradientPage */,
				7E1EB7A02628509400910DE9 /* ComponentsPage */,
				7E1EB7682628165100910DE9 /* ImagePage */,
				7E204DC3264506CF00A23563 /* MockPage */,
				7E28D09B2610A4A7003EAB0F /* Views */,
				7E9B22F2261EC76800850A01 /* Cells */,
			);
			path = Pages;
			sourceTree = "<group>";
		};
		7EB5DB9C260365BA00CAF4D7 /* Network */ = {
			isa = PBXGroup;
			children = (
				7EB5DB9D260365BA00CAF4D7 /* NetworkWebSocket.swift */,
				7E204DB02644FD1E00A23563 /* NetworkCachedDataFetcher.swift */,
				7EB5DB9E260365BA00CAF4D7 /* DataPosterService.swift */,
				7EB5DB9F260365BA00CAF4D7 /* NetworkService.swift */,
				7EB5DBA0260365BA00CAF4D7 /* DataFetcherService.swift */,
				7EB5DBA1260365BA00CAF4D7 /* NetworkDataPoster.swift */,
				7EB5DBA2260365BA00CAF4D7 /* NetworkDataFetcher.swift */,
			);
			path = Network;
			sourceTree = "<group>";
		};
/* End PBXGroup section */

/* Begin PBXNativeTarget section */
		7E2B82CD26009DDF00C8CD74 /* Figma Colors */ = {
			isa = PBXNativeTarget;
			buildConfigurationList = 7E2B82DE26009DE000C8CD74 /* Build configuration list for PBXNativeTarget "Figma Colors" */;
			buildPhases = (
				7E2B82CA26009DDF00C8CD74 /* Sources */,
				7E2B82CB26009DDF00C8CD74 /* Frameworks */,
				7E2B82CC26009DDF00C8CD74 /* Resources */,
			);
			buildRules = (
			);
			dependencies = (
			);
			name = "Figma Colors";
			packageProductDependencies = (
				7E2343B72619E1CA00875A11 /* SDWebImageSwiftUI */,
				7E1EB76C2628208A00910DE9 /* Grid */,
				7E1EB78E2628313000910DE9 /* URLImage */,
				7E6F90C72643B8FF004FD4AC /* HighlightedTextEditor */,
				7E204DB42644FDAC00A23563 /* Cache */,
			);
			productName = "Figma Colors";
			productReference = 7E2B82CE26009DDF00C8CD74 /* Figma Colors.app */;
			productType = "com.apple.product-type.application";
		};
/* End PBXNativeTarget section */

/* Begin PBXProject section */
		7E2B82C626009DDF00C8CD74 /* Project object */ = {
			isa = PBXProject;
			attributes = {
				LastSwiftUpdateCheck = 1240;
				LastUpgradeCheck = 1240;
				TargetAttributes = {
					7E2B82CD26009DDF00C8CD74 = {
						CreatedOnToolsVersion = 12.4;
					};
				};
			};
			buildConfigurationList = 7E2B82C926009DDF00C8CD74 /* Build configuration list for PBXProject "Figma Colors" */;
			compatibilityVersion = "Xcode 9.3";
			developmentRegion = en;
			hasScannedForEncodings = 0;
			knownRegions = (
				en,
				Base,
			);
			mainGroup = 7E2B82C526009DDF00C8CD74;
			packageReferences = (
				7E391B122601AF1600227BAC /* XCRemoteSwiftPackageReference "HTMLKit" */,
				7E2343B62619E1CA00875A11 /* XCRemoteSwiftPackageReference "SDWebImageSwiftUI" */,
				7E1EB76B2628208A00910DE9 /* XCRemoteSwiftPackageReference "swiftui-grid" */,
				7E1EB78D2628313000910DE9 /* XCRemoteSwiftPackageReference "url-image" */,
				7E6F90C62643B8FF004FD4AC /* XCRemoteSwiftPackageReference "HighlightedTextEditor" */,
				7E204DB32644FDAC00A23563 /* XCRemoteSwiftPackageReference "Cache" */,
			);
			productRefGroup = 7E2B82CF26009DDF00C8CD74 /* Products */;
			projectDirPath = "";
			projectRoot = "";
			targets = (
				7E2B82CD26009DDF00C8CD74 /* Figma Colors */,
			);
		};
/* End PBXProject section */

/* Begin PBXResourcesBuildPhase section */
		7E2B82CC26009DDF00C8CD74 /* Resources */ = {
			isa = PBXResourcesBuildPhase;
			buildActionMask = 2147483647;
			files = (
				7E9B230E261ECBC400850A01 /* JetBrainsMono-ExtraBold.ttf in Resources */,
				7E9B230A261ECBC400850A01 /* JetBrainsMono-ExtraLightItalic.ttf in Resources */,
				7E9B2307261ECBC400850A01 /* JetBrainsMono-Italic.ttf in Resources */,
				7E2B82D926009DE000C8CD74 /* Preview Assets.xcassets in Resources */,
				7E9B2310261ECBC400850A01 /* JetBrainsMono-ExtraBoldItalic.ttf in Resources */,
				7E9B2309261ECBC400850A01 /* JetBrainsMono-Regular.ttf in Resources */,
				7E9B2311261ECBC400850A01 /* JetBrainsMono-ThinItalic.ttf in Resources */,
				7E9B22CD261EA68D00850A01 /* Assets.xcassets in Resources */,
				7E9B230F261ECBC400850A01 /* JetBrainsMono-SemiBold.ttf in Resources */,
				7E9B2308261ECBC400850A01 /* JetBrainsMono-LightItalic.ttf in Resources */,
				7E9B230B261ECBC400850A01 /* JetBrainsMono-SemiBoldItalic.ttf in Resources */,
				7E9B230C261ECBC400850A01 /* JetBrainsMono-Light.ttf in Resources */,
				7E9B2312261ECBC400850A01 /* JetBrainsMono-ExtraLight.ttf in Resources */,
				7E9B2313261ECBC400850A01 /* JetBrainsMono-Medium.ttf in Resources */,
				7E9B2305261ECBC400850A01 /* JetBrainsMono-Thin.ttf in Resources */,
				7E9B2314261ECBC400850A01 /* JetBrainsMono-BoldItalic.ttf in Resources */,
				7E9B230D261ECBC400850A01 /* JetBrainsMono-MediumItalic.ttf in Resources */,
				7E9B2306261ECBC400850A01 /* JetBrainsMono-Bold.ttf in Resources */,
			);
			runOnlyForDeploymentPostprocessing = 0;
		};
/* End PBXResourcesBuildPhase section */

/* Begin PBXSourcesBuildPhase section */
		7E2B82CA26009DDF00C8CD74 /* Sources */ = {
			isa = PBXSourcesBuildPhase;
			buildActionMask = 2147483647;
			files = (
				7EB3B92E261F0A11003DE911 /* MockPage.swift in Sources */,
				7E204DBE2645064D00A23563 /* SideBarItems.swift in Sources */,
				7EB3B93F26201BCE003DE911 /* InfoPage.swift in Sources */,
				7E1EB792262831D200910DE9 /* MRWebImage.swift in Sources */,
				7EB3B922261F0569003DE911 /* ColorsPage.swift in Sources */,
				7E1EB7982628355400910DE9 /* SideBarModel.swift in Sources */,
				7E28D092261071F1003EAB0F /* Extension+JSON.swift in Sources */,
				7E204DB82644FDF300A23563 /* CacheHelper.swift in Sources */,
				7E28D08F261060C0003EAB0F /* DirectoryHelper.swift in Sources */,
				7EB3B925261F0602003DE911 /* PageHeaderView.swift in Sources */,
				7EB5DBA6260365BA00CAF4D7 /* DataFetcherService.swift in Sources */,
				7E9B22EA261EC70D00850A01 /* FigmaImageCellItem.swift in Sources */,
				7E28D0C726130DBC003EAB0F /* SettingsModel.swift in Sources */,
				7E9B22F0261EC75000850A01 /* FigmaGradientCell.swift in Sources */,
				7E9B22E7261EC6E100850A01 /* FigmaColorCellItem.swift in Sources */,
				7E658994263D23E1008CAAC9 /* SideBarColorButton.swift in Sources */,
				7EB5DBA3260365BA00CAF4D7 /* NetworkWebSocket.swift in Sources */,
				7E6589A1263FA745008CAAC9 /* SideBarGradientButton copy.swift in Sources */,
				7E1EB7652628164700910DE9 /* ImagesViewModel.swift in Sources */,
				7E4C6E8B2636A658001CA544 /* MRCheckBox.swift in Sources */,
				7EBD53222616E9C500D69B9B /* Button.swift in Sources */,
				7EBD53252616E9DE00D69B9B /* Textfield.swift in Sources */,
				7E2B82EE2600C0BF00C8CD74 /* CodeModel.swift in Sources */,
				7E2B82D226009DDF00C8CD74 /* Figma_ColorsApp.swift in Sources */,
				7E28D0C626130DBC003EAB0F /* SettingsController.swift in Sources */,
				7EB5DBA8260365BA00CAF4D7 /* NetworkDataFetcher.swift in Sources */,
				7E28D0A426117B35003EAB0F /* AppSettings.swift in Sources */,
				7E28D0C826130DBC003EAB0F /* SettingsViewModel.swift in Sources */,
				7E28D0B82611A5AF003EAB0F /* Notifications.swift in Sources */,
				7E1EB7632628164700910DE9 /* ImagesPage.swift in Sources */,
				7E2B82EF2600C0BF00C8CD74 /* CodeViewModel.swift in Sources */,
				7EB3B928261F06E1003DE911 /* GradientsPage.swift in Sources */,
				7E1EB7992628355400910DE9 /* SideBarViewModel.swift in Sources */,
				7EE22E66260DD7ED002E8EDF /* Extension + View.swift in Sources */,
				7E204DB12644FD1E00A23563 /* NetworkCachedDataFetcher.swift in Sources */,
				7E25612726293BFC006C17C1 /* ComponentsViewModel.swift in Sources */,
				7E2B82ED2600C0BF00C8CD74 /* CodeController.swift in Sources */,
				7E28D0CD261310D3003EAB0F /* Extension+Color.swift in Sources */,
				7E1EB7972628355400910DE9 /* SideBarController.swift in Sources */,
				7E9B2317261ECC2500850A01 /* Extension+Font.swift in Sources */,
				7E204DC9264507EB00A23563 /* MRButton.swift in Sources */,
				7E204DAB2644DD9100A23563 /* FigmaCellLabel.swift in Sources */,
				7EB3B92B261F07B9003DE911 /* ComponentsPage.swift in Sources */,
				7EB5DBA7260365BA00CAF4D7 /* NetworkDataPoster.swift in Sources */,
				7E204DAE2644E1FA00A23563 /* HoverModifier.swift in Sources */,
				7EB5DBA4260365BA00CAF4D7 /* DataPosterService.swift in Sources */,
				7EB3B9542621751C003DE911 /* FigmaGradientCellItem.swift in Sources */,
				7E1EB754262815C300910DE9 /* GradientViewModel.swift in Sources */,
				7EB5DBA5260365BA00CAF4D7 /* NetworkService.swift in Sources */,
				7E658991263D23D8008CAAC9 /* SideBarComponentButton.swift in Sources */,
				7E1EB7642628164700910DE9 /* ImagesModel.swift in Sources */,
				7E28D0992610A4A2003EAB0F /* Tooltip.swift in Sources */,
				7E9B22ED261EC72B00850A01 /* FigmaColorCell.swift in Sources */,
				7EBD532C26173ACD00D69B9B /* Extension+Collection.swift in Sources */,
			);
			runOnlyForDeploymentPostprocessing = 0;
		};
/* End PBXSourcesBuildPhase section */

/* Begin XCBuildConfiguration section */
		7E2B82DC26009DE000C8CD74 /* Debug */ = {
			isa = XCBuildConfiguration;
			buildSettings = {
				ALWAYS_SEARCH_USER_PATHS = NO;
				CLANG_ANALYZER_NONNULL = YES;
				CLANG_ANALYZER_NUMBER_OBJECT_CONVERSION = YES_AGGRESSIVE;
				CLANG_CXX_LANGUAGE_STANDARD = "gnu++14";
				CLANG_CXX_LIBRARY = "libc++";
				CLANG_ENABLE_MODULES = YES;
				CLANG_ENABLE_OBJC_ARC = YES;
				CLANG_ENABLE_OBJC_WEAK = YES;
				CLANG_WARN_BLOCK_CAPTURE_AUTORELEASING = YES;
				CLANG_WARN_BOOL_CONVERSION = YES;
				CLANG_WARN_COMMA = YES;
				CLANG_WARN_CONSTANT_CONVERSION = YES;
				CLANG_WARN_DEPRECATED_OBJC_IMPLEMENTATIONS = YES;
				CLANG_WARN_DIRECT_OBJC_ISA_USAGE = YES_ERROR;
				CLANG_WARN_DOCUMENTATION_COMMENTS = YES;
				CLANG_WARN_EMPTY_BODY = YES;
				CLANG_WARN_ENUM_CONVERSION = YES;
				CLANG_WARN_INFINITE_RECURSION = YES;
				CLANG_WARN_INT_CONVERSION = YES;
				CLANG_WARN_NON_LITERAL_NULL_CONVERSION = YES;
				CLANG_WARN_OBJC_IMPLICIT_RETAIN_SELF = YES;
				CLANG_WARN_OBJC_LITERAL_CONVERSION = YES;
				CLANG_WARN_OBJC_ROOT_CLASS = YES_ERROR;
				CLANG_WARN_QUOTED_INCLUDE_IN_FRAMEWORK_HEADER = YES;
				CLANG_WARN_RANGE_LOOP_ANALYSIS = YES;
				CLANG_WARN_STRICT_PROTOTYPES = YES;
				CLANG_WARN_SUSPICIOUS_MOVE = YES;
				CLANG_WARN_UNGUARDED_AVAILABILITY = YES_AGGRESSIVE;
				CLANG_WARN_UNREACHABLE_CODE = YES;
				CLANG_WARN__DUPLICATE_METHOD_MATCH = YES;
				COPY_PHASE_STRIP = NO;
				DEBUG_INFORMATION_FORMAT = dwarf;
				ENABLE_STRICT_OBJC_MSGSEND = YES;
				ENABLE_TESTABILITY = YES;
				GCC_C_LANGUAGE_STANDARD = gnu11;
				GCC_DYNAMIC_NO_PIC = NO;
				GCC_NO_COMMON_BLOCKS = YES;
				GCC_OPTIMIZATION_LEVEL = 0;
				GCC_PREPROCESSOR_DEFINITIONS = (
					"DEBUG=1",
					"$(inherited)",
				);
				GCC_WARN_64_TO_32_BIT_CONVERSION = YES;
				GCC_WARN_ABOUT_RETURN_TYPE = YES_ERROR;
				GCC_WARN_UNDECLARED_SELECTOR = YES;
				GCC_WARN_UNINITIALIZED_AUTOS = YES_AGGRESSIVE;
				GCC_WARN_UNUSED_FUNCTION = YES;
				GCC_WARN_UNUSED_VARIABLE = YES;
				MACOSX_DEPLOYMENT_TARGET = 11.1;
				MTL_ENABLE_DEBUG_INFO = INCLUDE_SOURCE;
				MTL_FAST_MATH = YES;
				ONLY_ACTIVE_ARCH = YES;
				SDKROOT = macosx;
				SWIFT_ACTIVE_COMPILATION_CONDITIONS = DEBUG;
				SWIFT_OPTIMIZATION_LEVEL = "-Onone";
			};
			name = Debug;
		};
		7E2B82DD26009DE000C8CD74 /* Release */ = {
			isa = XCBuildConfiguration;
			buildSettings = {
				ALWAYS_SEARCH_USER_PATHS = NO;
				CLANG_ANALYZER_NONNULL = YES;
				CLANG_ANALYZER_NUMBER_OBJECT_CONVERSION = YES_AGGRESSIVE;
				CLANG_CXX_LANGUAGE_STANDARD = "gnu++14";
				CLANG_CXX_LIBRARY = "libc++";
				CLANG_ENABLE_MODULES = YES;
				CLANG_ENABLE_OBJC_ARC = YES;
				CLANG_ENABLE_OBJC_WEAK = YES;
				CLANG_WARN_BLOCK_CAPTURE_AUTORELEASING = YES;
				CLANG_WARN_BOOL_CONVERSION = YES;
				CLANG_WARN_COMMA = YES;
				CLANG_WARN_CONSTANT_CONVERSION = YES;
				CLANG_WARN_DEPRECATED_OBJC_IMPLEMENTATIONS = YES;
				CLANG_WARN_DIRECT_OBJC_ISA_USAGE = YES_ERROR;
				CLANG_WARN_DOCUMENTATION_COMMENTS = YES;
				CLANG_WARN_EMPTY_BODY = YES;
				CLANG_WARN_ENUM_CONVERSION = YES;
				CLANG_WARN_INFINITE_RECURSION = YES;
				CLANG_WARN_INT_CONVERSION = YES;
				CLANG_WARN_NON_LITERAL_NULL_CONVERSION = YES;
				CLANG_WARN_OBJC_IMPLICIT_RETAIN_SELF = YES;
				CLANG_WARN_OBJC_LITERAL_CONVERSION = YES;
				CLANG_WARN_OBJC_ROOT_CLASS = YES_ERROR;
				CLANG_WARN_QUOTED_INCLUDE_IN_FRAMEWORK_HEADER = YES;
				CLANG_WARN_RANGE_LOOP_ANALYSIS = YES;
				CLANG_WARN_STRICT_PROTOTYPES = YES;
				CLANG_WARN_SUSPICIOUS_MOVE = YES;
				CLANG_WARN_UNGUARDED_AVAILABILITY = YES_AGGRESSIVE;
				CLANG_WARN_UNREACHABLE_CODE = YES;
				CLANG_WARN__DUPLICATE_METHOD_MATCH = YES;
				COPY_PHASE_STRIP = NO;
				DEBUG_INFORMATION_FORMAT = "dwarf-with-dsym";
				ENABLE_NS_ASSERTIONS = NO;
				ENABLE_STRICT_OBJC_MSGSEND = YES;
				GCC_C_LANGUAGE_STANDARD = gnu11;
				GCC_NO_COMMON_BLOCKS = YES;
				GCC_WARN_64_TO_32_BIT_CONVERSION = YES;
				GCC_WARN_ABOUT_RETURN_TYPE = YES_ERROR;
				GCC_WARN_UNDECLARED_SELECTOR = YES;
				GCC_WARN_UNINITIALIZED_AUTOS = YES_AGGRESSIVE;
				GCC_WARN_UNUSED_FUNCTION = YES;
				GCC_WARN_UNUSED_VARIABLE = YES;
				MACOSX_DEPLOYMENT_TARGET = 11.1;
				MTL_ENABLE_DEBUG_INFO = NO;
				MTL_FAST_MATH = YES;
				SDKROOT = macosx;
				SWIFT_COMPILATION_MODE = wholemodule;
				SWIFT_OPTIMIZATION_LEVEL = "-O";
			};
			name = Release;
		};
		7E2B82DF26009DE000C8CD74 /* Debug */ = {
			isa = XCBuildConfiguration;
			buildSettings = {
				ASSETCATALOG_COMPILER_APPICON_NAME = AppIcon;
				ASSETCATALOG_COMPILER_GLOBAL_ACCENT_COLOR_NAME = AccentColor;
				CODE_SIGN_ENTITLEMENTS = "Figma Colors/Figma_Colors.entitlements";
				CODE_SIGN_STYLE = Automatic;
				COMBINE_HIDPI_IMAGES = YES;
				DEVELOPMENT_ASSET_PATHS = "\"Figma Colors/Preview Content\"";
				DEVELOPMENT_TEAM = T7BM86Q6MS;
				ENABLE_HARDENED_RUNTIME = YES;
				ENABLE_PREVIEWS = YES;
				INFOPLIST_FILE = "Figma Colors/Info.plist";
				LD_RUNPATH_SEARCH_PATHS = (
					"$(inherited)",
					"@executable_path/../Frameworks",
				);
				MACOSX_DEPLOYMENT_TARGET = 11.0;
				PRODUCT_BUNDLE_IDENTIFIER = "mironov.Figma-Colors";
				PRODUCT_NAME = "$(TARGET_NAME)";
				SWIFT_VERSION = 5.0;
			};
			name = Debug;
		};
		7E2B82E026009DE000C8CD74 /* Release */ = {
			isa = XCBuildConfiguration;
			buildSettings = {
				ASSETCATALOG_COMPILER_APPICON_NAME = AppIcon;
				ASSETCATALOG_COMPILER_GLOBAL_ACCENT_COLOR_NAME = AccentColor;
				CODE_SIGN_ENTITLEMENTS = "Figma Colors/Figma_Colors.entitlements";
				CODE_SIGN_STYLE = Automatic;
				COMBINE_HIDPI_IMAGES = YES;
				DEVELOPMENT_ASSET_PATHS = "\"Figma Colors/Preview Content\"";
				DEVELOPMENT_TEAM = T7BM86Q6MS;
				ENABLE_HARDENED_RUNTIME = YES;
				ENABLE_PREVIEWS = YES;
				INFOPLIST_FILE = "Figma Colors/Info.plist";
				LD_RUNPATH_SEARCH_PATHS = (
					"$(inherited)",
					"@executable_path/../Frameworks",
				);
				MACOSX_DEPLOYMENT_TARGET = 11.0;
				PRODUCT_BUNDLE_IDENTIFIER = "mironov.Figma-Colors";
				PRODUCT_NAME = "$(TARGET_NAME)";
				SWIFT_VERSION = 5.0;
			};
			name = Release;
		};
/* End XCBuildConfiguration section */

/* Begin XCConfigurationList section */
		7E2B82C926009DDF00C8CD74 /* Build configuration list for PBXProject "Figma Colors" */ = {
			isa = XCConfigurationList;
			buildConfigurations = (
				7E2B82DC26009DE000C8CD74 /* Debug */,
				7E2B82DD26009DE000C8CD74 /* Release */,
			);
			defaultConfigurationIsVisible = 0;
			defaultConfigurationName = Release;
		};
		7E2B82DE26009DE000C8CD74 /* Build configuration list for PBXNativeTarget "Figma Colors" */ = {
			isa = XCConfigurationList;
			buildConfigurations = (
				7E2B82DF26009DE000C8CD74 /* Debug */,
				7E2B82E026009DE000C8CD74 /* Release */,
			);
			defaultConfigurationIsVisible = 0;
			defaultConfigurationName = Release;
		};
/* End XCConfigurationList section */

/* Begin XCRemoteSwiftPackageReference section */
		7E1EB76B2628208A00910DE9 /* XCRemoteSwiftPackageReference "swiftui-grid" */ = {
			isa = XCRemoteSwiftPackageReference;
			repositoryURL = "https://github.com/spacenation/swiftui-grid";
			requirement = {
				kind = upToNextMajorVersion;
				minimumVersion = 1.1.0;
			};
		};
		7E1EB78D2628313000910DE9 /* XCRemoteSwiftPackageReference "url-image" */ = {
			isa = XCRemoteSwiftPackageReference;
			repositoryURL = "https://github.com/dmytro-anokhin/url-image";
			requirement = {
				kind = upToNextMajorVersion;
				minimumVersion = 2.2.3;
			};
		};
		7E204DB32644FDAC00A23563 /* XCRemoteSwiftPackageReference "Cache" */ = {
			isa = XCRemoteSwiftPackageReference;
			repositoryURL = "https://github.com/hyperoslo/Cache";
			requirement = {
				kind = upToNextMajorVersion;
				minimumVersion = 6.0.0;
			};
		};
		7E2343B62619E1CA00875A11 /* XCRemoteSwiftPackageReference "SDWebImageSwiftUI" */ = {
			isa = XCRemoteSwiftPackageReference;
			repositoryURL = "https://github.com/SDWebImage/SDWebImageSwiftUI";
			requirement = {
				kind = upToNextMajorVersion;
				minimumVersion = 2.0.2;
			};
		};
		7E391B122601AF1600227BAC /* XCRemoteSwiftPackageReference "HTMLKit" */ = {
			isa = XCRemoteSwiftPackageReference;
			repositoryURL = "https://github.com/iabudiab/HTMLKit";
			requirement = {
				kind = upToNextMajorVersion;
				minimumVersion = 4.0.0;
			};
		};
		7E6F90C62643B8FF004FD4AC /* XCRemoteSwiftPackageReference "HighlightedTextEditor" */ = {
			isa = XCRemoteSwiftPackageReference;
			repositoryURL = "https://github.com/kyle-n/HighlightedTextEditor";
			requirement = {
				kind = upToNextMajorVersion;
				minimumVersion = 1.7.0;
			};
		};
/* End XCRemoteSwiftPackageReference section */

/* Begin XCSwiftPackageProductDependency section */
		7E1EB76C2628208A00910DE9 /* Grid */ = {
			isa = XCSwiftPackageProductDependency;
			package = 7E1EB76B2628208A00910DE9 /* XCRemoteSwiftPackageReference "swiftui-grid" */;
			productName = Grid;
		};
		7E1EB78E2628313000910DE9 /* URLImage */ = {
			isa = XCSwiftPackageProductDependency;
			package = 7E1EB78D2628313000910DE9 /* XCRemoteSwiftPackageReference "url-image" */;
			productName = URLImage;
		};
		7E204DB42644FDAC00A23563 /* Cache */ = {
			isa = XCSwiftPackageProductDependency;
			package = 7E204DB32644FDAC00A23563 /* XCRemoteSwiftPackageReference "Cache" */;
			productName = Cache;
		};
		7E2343B72619E1CA00875A11 /* SDWebImageSwiftUI */ = {
			isa = XCSwiftPackageProductDependency;
			package = 7E2343B62619E1CA00875A11 /* XCRemoteSwiftPackageReference "SDWebImageSwiftUI" */;
			productName = SDWebImageSwiftUI;
		};
		7E6F90C72643B8FF004FD4AC /* HighlightedTextEditor */ = {
			isa = XCSwiftPackageProductDependency;
			package = 7E6F90C62643B8FF004FD4AC /* XCRemoteSwiftPackageReference "HighlightedTextEditor" */;
			productName = HighlightedTextEditor;
		};
/* End XCSwiftPackageProductDependency section */
	};
	rootObject = 7E2B82C626009DDF00C8CD74 /* Project object */;
}
